
Microsoft Visual Studio Solution File, Format Version 12.00
# Visual Studio Version 17
VisualStudioVersion = 17.4.33205.214
MinimumVisualStudioVersion = 10.0.40219.1
Project("{FAE04EC0-301F-11D3-BF4B-00C04F79EFBC}") = "CS.DI", "CS.DI\CS.DI.csproj", "{8043E314-6713-4DA6-A30F-A94FCEE5CF7A}"
EndProject
Global
	GlobalSection(SolutionConfigurationPlatforms) = preSolution
		Debug|Any CPU = Debug|Any CPU
		Release|Any CPU = Release|Any CPU
	EndGlobalSection
	GlobalSection(ProjectConfigurationPlatforms) = postSolution
		{8043E314-6713-4DA6-A30F-A94FCEE5CF7A}.Debug|Any CPU.ActiveCfg = Debug|Any CPU
		{8043E314-6713-4DA6-A30F-A94FCEE5CF7A}.Debug|Any CPU.Build.0 = Debug|Any CPU
		{8043E314-6713-4DA6-A30F-A94FCEE5CF7A}.Release|Any CPU.ActiveCfg = Release|Any CPU
		{8043E314-6713-4DA6-A30F-A94FCEE5CF7A}.Release|Any CPU.Build.0 = Release|Any CPU
	EndGlobalSection
	GlobalSection(SolutionProperties) = preSolution
		HideSolutionNode = FALSE
	EndGlobalSection
	GlobalSection(ExtensibilityGlobals) = postSolution
		SolutionGuid = {24A90979-7F39-4607-BB73-61A3C929CD6A}
	EndGlobalSection
EndGlobal
